
Microsoft Visual Studio Solution File, Format Version 12.00
# Visual Studio 2013
VisualStudioVersion = 12.0.30723.0
MinimumVisualStudioVersion = 10.0.40219.1
Project("{FAE04EC0-301F-11D3-BF4B-00C04F79EFBC}") = "RolzOrgEnchancer", "RolzOrgEnchancer\RolzOrgEnchancer.csproj", "{76A8C03A-4375-474B-A7E9-016AF094762E}"
EndProject
Project("{FAE04EC0-301F-11D3-BF4B-00C04F79EFBC}") = "RollerEngine", "RollerEngine\RollerEngine.csproj", "{91CAFB5A-5FDC-4244-9479-B9E18C45D2A4}"
EndProject
Project("{FAE04EC0-301F-11D3-BF4B-00C04F79EFBC}") = "UnitTests", "UnitTests\UnitTests.csproj", "{13444BDA-F8CF-45AC-BDC2-A07DF27F1007}"
EndProject
Project("{2150E333-8FDC-42A3-9474-1A3956D46DE8}") = "Solution Items", "Solution Items", "{96C24A9C-E55A-462C-90A1-A2A33DC123F4}"
	ProjectSection(SolutionItems) = preProject
		todo.txt = todo.txt
	EndProjectSection
EndProject
Global
	GlobalSection(SolutionConfigurationPlatforms) = preSolution
		Debug|Any CPU = Debug|Any CPU
		Release|Any CPU = Release|Any CPU
	EndGlobalSection
	GlobalSection(ProjectConfigurationPlatforms) = postSolution
		{76A8C03A-4375-474B-A7E9-016AF094762E}.Debug|Any CPU.ActiveCfg = Debug|Any CPU
		{76A8C03A-4375-474B-A7E9-016AF094762E}.Debug|Any CPU.Build.0 = Debug|Any CPU
		{76A8C03A-4375-474B-A7E9-016AF094762E}.Release|Any CPU.ActiveCfg = Release|Any CPU
		{76A8C03A-4375-474B-A7E9-016AF094762E}.Release|Any CPU.Build.0 = Release|Any CPU
		{91CAFB5A-5FDC-4244-9479-B9E18C45D2A4}.Debug|Any CPU.ActiveCfg = Debug|Any CPU
		{91CAFB5A-5FDC-4244-9479-B9E18C45D2A4}.Debug|Any CPU.Build.0 = Debug|Any CPU
		{91CAFB5A-5FDC-4244-9479-B9E18C45D2A4}.Release|Any CPU.ActiveCfg = Release|Any CPU
		{91CAFB5A-5FDC-4244-9479-B9E18C45D2A4}.Release|Any CPU.Build.0 = Release|Any CPU
		{13444BDA-F8CF-45AC-BDC2-A07DF27F1007}.Debug|Any CPU.ActiveCfg = Debug|Any CPU
		{13444BDA-F8CF-45AC-BDC2-A07DF27F1007}.Debug|Any CPU.Build.0 = Debug|Any CPU
		{13444BDA-F8CF-45AC-BDC2-A07DF27F1007}.Release|Any CPU.ActiveCfg = Release|Any CPU
		{13444BDA-F8CF-45AC-BDC2-A07DF27F1007}.Release|Any CPU.Build.0 = Release|Any CPU
	EndGlobalSection
	GlobalSection(SolutionProperties) = preSolution
		HideSolutionNode = FALSE
	EndGlobalSection
	GlobalSection(ExtensibilityGlobals) = postSolution
		SolutionGuid = {FD7D591C-B0BB-4C0D-9D14-467C83985C53}
	EndGlobalSection
EndGlobal
